
Microsoft Visual Studio Solution File, Format Version 12.00
# Visual Studio Version 17
VisualStudioVersion = 17.1.32421.90
MinimumVisualStudioVersion = 10.0.40219.1
Project("{9A19103F-16F7-4668-BE54-9A1E7A4F7556}") = "NearShare.Android", "src\NearShare.Android.csproj", "{081AC55E-14D3-42A9-A742-29818E649650}"
EndProject
Project("{9A19103F-16F7-4668-BE54-9A1E7A4F7556}") = "ShortDev.Microsoft.ConnectedDevices", "lib\ShortDev.Microsoft.ConnectedDevices\ShortDev.Microsoft.ConnectedDevices.csproj", "{6EBE41DB-AEFB-45C0-A5E1-8A4352CC4B8E}"
EndProject
Project("{9A19103F-16F7-4668-BE54-9A1E7A4F7556}") = "ShortDev.Microsoft.ConnectedDevices.NearShare", "lib\ShortDev.Microsoft.ConnectedDevices.NearShare\ShortDev.Microsoft.ConnectedDevices.NearShare.csproj", "{D0DE1114-C062-4305-8FB5-2356CE3DA753}"
EndProject
Project("{2150E333-8FDC-42A3-9474-1A3956D46DE8}") = "utils", "utils", "{B1BBE46E-5DC6-410A-84FC-157E31F31E92}"
	ProjectSection(SolutionItems) = preProject
		utils\CdpDissector.lua = utils\CdpDissector.lua
	EndProjectSection
EndProject
Project("{8BC9CEB8-8B4A-11D0-8D11-00A0C91BC942}") = "CdpSvcUtil", "utils\CdpSvcUtil\CdpSvcUtil.vcxproj", "{CFABE26A-FBFF-4CF9-8C94-B603B317A223}"
EndProject
Project("{2150E333-8FDC-42A3-9474-1A3956D46DE8}") = "tests", "tests", "{F0E5B489-0FD2-4A7E-B660-C28450479583}"
EndProject
Project("{9A19103F-16F7-4668-BE54-9A1E7A4F7556}") = "ShortDev.Microsoft.ConnectedDevices.Test", "tests\ShortDev.Microsoft.ConnectedDevices.Test\ShortDev.Microsoft.ConnectedDevices.Test.csproj", "{B0DE3385-5FD7-4D05-8296-6E298A3F1BA2}"
EndProject
Project("{2150E333-8FDC-42A3-9474-1A3956D46DE8}") = "lib", "lib", "{D891AC11-E26F-434D-AA9D-0FE6F162DCB9}"
EndProject
Project("{9A19103F-16F7-4668-BE54-9A1E7A4F7556}") = "ShortDev.Android.Preferences", "lib\ShortDev.Android.Preferences\ShortDev.Android.Preferences.csproj", "{B80E8155-B326-41BD-B1CC-689801E460AE}"
EndProject
Project("{2150E333-8FDC-42A3-9474-1A3956D46DE8}") = "build", "build", "{0075EA48-9E85-4B24-A62C-C1B6F407210F}"
	ProjectSection(SolutionItems) = preProject
		Directory.Build.props = Directory.Build.props
		Directory.Build.targets = Directory.Build.targets
	EndProjectSection
EndProject
Project("{FAE04EC0-301F-11D3-BF4B-00C04F79EFBC}") = "NearShare.Android.WiFiDirect", "lib\NearShare.Android.WiFiDirect\NearShare.Android.WiFiDirect.csproj", "{EBB81D36-CC3B-48CF-9060-804C7CE7A7F8}"
EndProject
Global
	GlobalSection(SolutionConfigurationPlatforms) = preSolution
		Debug|Any CPU = Debug|Any CPU
		Debug|x64 = Debug|x64
		Debug|x86 = Debug|x86
		Release|Any CPU = Release|Any CPU
		Release|x64 = Release|x64
		Release|x86 = Release|x86
	EndGlobalSection
	GlobalSection(ProjectConfigurationPlatforms) = postSolution
		{081AC55E-14D3-42A9-A742-29818E649650}.Debug|Any CPU.ActiveCfg = Debug|Any CPU
		{081AC55E-14D3-42A9-A742-29818E649650}.Debug|Any CPU.Build.0 = Debug|Any CPU
		{081AC55E-14D3-42A9-A742-29818E649650}.Debug|Any CPU.Deploy.0 = Debug|Any CPU
		{081AC55E-14D3-42A9-A742-29818E649650}.Debug|x64.ActiveCfg = Debug|Any CPU
		{081AC55E-14D3-42A9-A742-29818E649650}.Debug|x64.Build.0 = Debug|Any CPU
		{081AC55E-14D3-42A9-A742-29818E649650}.Debug|x64.Deploy.0 = Debug|Any CPU
		{081AC55E-14D3-42A9-A742-29818E649650}.Debug|x86.ActiveCfg = Debug|Any CPU
		{081AC55E-14D3-42A9-A742-29818E649650}.Debug|x86.Build.0 = Debug|Any CPU
		{081AC55E-14D3-42A9-A742-29818E649650}.Debug|x86.Deploy.0 = Debug|Any CPU
		{081AC55E-14D3-42A9-A742-29818E649650}.Release|Any CPU.ActiveCfg = Release|Any CPU
		{081AC55E-14D3-42A9-A742-29818E649650}.Release|Any CPU.Build.0 = Release|Any CPU
		{081AC55E-14D3-42A9-A742-29818E649650}.Release|Any CPU.Deploy.0 = Release|Any CPU
		{081AC55E-14D3-42A9-A742-29818E649650}.Release|x64.ActiveCfg = Release|Any CPU
		{081AC55E-14D3-42A9-A742-29818E649650}.Release|x64.Build.0 = Release|Any CPU
		{081AC55E-14D3-42A9-A742-29818E649650}.Release|x64.Deploy.0 = Release|Any CPU
		{081AC55E-14D3-42A9-A742-29818E649650}.Release|x86.ActiveCfg = Release|Any CPU
		{081AC55E-14D3-42A9-A742-29818E649650}.Release|x86.Build.0 = Release|Any CPU
		{081AC55E-14D3-42A9-A742-29818E649650}.Release|x86.Deploy.0 = Release|Any CPU
		{6EBE41DB-AEFB-45C0-A5E1-8A4352CC4B8E}.Debug|Any CPU.ActiveCfg = Debug|Any CPU
		{6EBE41DB-AEFB-45C0-A5E1-8A4352CC4B8E}.Debug|Any CPU.Build.0 = Debug|Any CPU
		{6EBE41DB-AEFB-45C0-A5E1-8A4352CC4B8E}.Debug|x64.ActiveCfg = Debug|Any CPU
		{6EBE41DB-AEFB-45C0-A5E1-8A4352CC4B8E}.Debug|x64.Build.0 = Debug|Any CPU
		{6EBE41DB-AEFB-45C0-A5E1-8A4352CC4B8E}.Debug|x86.ActiveCfg = Debug|Any CPU
		{6EBE41DB-AEFB-45C0-A5E1-8A4352CC4B8E}.Debug|x86.Build.0 = Debug|Any CPU
		{6EBE41DB-AEFB-45C0-A5E1-8A4352CC4B8E}.Release|Any CPU.ActiveCfg = Release|Any CPU
		{6EBE41DB-AEFB-45C0-A5E1-8A4352CC4B8E}.Release|Any CPU.Build.0 = Release|Any CPU
		{6EBE41DB-AEFB-45C0-A5E1-8A4352CC4B8E}.Release|x64.ActiveCfg = Release|Any CPU
		{6EBE41DB-AEFB-45C0-A5E1-8A4352CC4B8E}.Release|x64.Build.0 = Release|Any CPU
		{6EBE41DB-AEFB-45C0-A5E1-8A4352CC4B8E}.Release|x86.ActiveCfg = Release|Any CPU
		{6EBE41DB-AEFB-45C0-A5E1-8A4352CC4B8E}.Release|x86.Build.0 = Release|Any CPU
		{D0DE1114-C062-4305-8FB5-2356CE3DA753}.Debug|Any CPU.ActiveCfg = Debug|Any CPU
		{D0DE1114-C062-4305-8FB5-2356CE3DA753}.Debug|Any CPU.Build.0 = Debug|Any CPU
		{D0DE1114-C062-4305-8FB5-2356CE3DA753}.Debug|x64.ActiveCfg = Debug|Any CPU
		{D0DE1114-C062-4305-8FB5-2356CE3DA753}.Debug|x64.Build.0 = Debug|Any CPU
		{D0DE1114-C062-4305-8FB5-2356CE3DA753}.Debug|x86.ActiveCfg = Debug|Any CPU
		{D0DE1114-C062-4305-8FB5-2356CE3DA753}.Debug|x86.Build.0 = Debug|Any CPU
		{D0DE1114-C062-4305-8FB5-2356CE3DA753}.Release|Any CPU.ActiveCfg = Release|Any CPU
		{D0DE1114-C062-4305-8FB5-2356CE3DA753}.Release|Any CPU.Build.0 = Release|Any CPU
		{D0DE1114-C062-4305-8FB5-2356CE3DA753}.Release|x64.ActiveCfg = Release|Any CPU
		{D0DE1114-C062-4305-8FB5-2356CE3DA753}.Release|x64.Build.0 = Release|Any CPU
		{D0DE1114-C062-4305-8FB5-2356CE3DA753}.Release|x86.ActiveCfg = Release|Any CPU
		{D0DE1114-C062-4305-8FB5-2356CE3DA753}.Release|x86.Build.0 = Release|Any CPU
		{CFABE26A-FBFF-4CF9-8C94-B603B317A223}.Debug|Any CPU.ActiveCfg = Debug|x64
		{CFABE26A-FBFF-4CF9-8C94-B603B317A223}.Debug|Any CPU.Build.0 = Debug|x64
		{CFABE26A-FBFF-4CF9-8C94-B603B317A223}.Debug|x64.ActiveCfg = Debug|x64
		{CFABE26A-FBFF-4CF9-8C94-B603B317A223}.Debug|x64.Build.0 = Debug|x64
		{CFABE26A-FBFF-4CF9-8C94-B603B317A223}.Debug|x86.ActiveCfg = Debug|Win32
		{CFABE26A-FBFF-4CF9-8C94-B603B317A223}.Debug|x86.Build.0 = Debug|Win32
		{CFABE26A-FBFF-4CF9-8C94-B603B317A223}.Release|Any CPU.ActiveCfg = Release|x64
		{CFABE26A-FBFF-4CF9-8C94-B603B317A223}.Release|Any CPU.Build.0 = Release|x64
		{CFABE26A-FBFF-4CF9-8C94-B603B317A223}.Release|x64.ActiveCfg = Release|x64
		{CFABE26A-FBFF-4CF9-8C94-B603B317A223}.Release|x64.Build.0 = Release|x64
		{CFABE26A-FBFF-4CF9-8C94-B603B317A223}.Release|x86.ActiveCfg = Release|Win32
		{CFABE26A-FBFF-4CF9-8C94-B603B317A223}.Release|x86.Build.0 = Release|Win32
		{B0DE3385-5FD7-4D05-8296-6E298A3F1BA2}.Debug|Any CPU.ActiveCfg = Debug|Any CPU
		{B0DE3385-5FD7-4D05-8296-6E298A3F1BA2}.Debug|Any CPU.Build.0 = Debug|Any CPU
		{B0DE3385-5FD7-4D05-8296-6E298A3F1BA2}.Debug|x64.ActiveCfg = Debug|Any CPU
		{B0DE3385-5FD7-4D05-8296-6E298A3F1BA2}.Debug|x64.Build.0 = Debug|Any CPU
		{B0DE3385-5FD7-4D05-8296-6E298A3F1BA2}.Debug|x86.ActiveCfg = Debug|Any CPU
		{B0DE3385-5FD7-4D05-8296-6E298A3F1BA2}.Debug|x86.Build.0 = Debug|Any CPU
		{B0DE3385-5FD7-4D05-8296-6E298A3F1BA2}.Release|Any CPU.ActiveCfg = Release|Any CPU
		{B0DE3385-5FD7-4D05-8296-6E298A3F1BA2}.Release|Any CPU.Build.0 = Release|Any CPU
		{B0DE3385-5FD7-4D05-8296-6E298A3F1BA2}.Release|x64.ActiveCfg = Release|Any CPU
		{B0DE3385-5FD7-4D05-8296-6E298A3F1BA2}.Release|x64.Build.0 = Release|Any CPU
		{B0DE3385-5FD7-4D05-8296-6E298A3F1BA2}.Release|x86.ActiveCfg = Release|Any CPU
		{B0DE3385-5FD7-4D05-8296-6E298A3F1BA2}.Release|x86.Build.0 = Release|Any CPU
		{B80E8155-B326-41BD-B1CC-689801E460AE}.Debug|Any CPU.ActiveCfg = Debug|Any CPU
		{B80E8155-B326-41BD-B1CC-689801E460AE}.Debug|Any CPU.Build.0 = Debug|Any CPU
		{B80E8155-B326-41BD-B1CC-689801E460AE}.Debug|x64.ActiveCfg = Debug|Any CPU
		{B80E8155-B326-41BD-B1CC-689801E460AE}.Debug|x64.Build.0 = Debug|Any CPU
		{B80E8155-B326-41BD-B1CC-689801E460AE}.Debug|x86.ActiveCfg = Debug|Any CPU
		{B80E8155-B326-41BD-B1CC-689801E460AE}.Debug|x86.Build.0 = Debug|Any CPU
		{B80E8155-B326-41BD-B1CC-689801E460AE}.Release|Any CPU.ActiveCfg = Release|Any CPU
		{B80E8155-B326-41BD-B1CC-689801E460AE}.Release|Any CPU.Build.0 = Release|Any CPU
		{B80E8155-B326-41BD-B1CC-689801E460AE}.Release|x64.ActiveCfg = Release|Any CPU
		{B80E8155-B326-41BD-B1CC-689801E460AE}.Release|x64.Build.0 = Release|Any CPU
		{B80E8155-B326-41BD-B1CC-689801E460AE}.Release|x86.ActiveCfg = Release|Any CPU
		{B80E8155-B326-41BD-B1CC-689801E460AE}.Release|x86.Build.0 = Release|Any CPU
		{EBB81D36-CC3B-48CF-9060-804C7CE7A7F8}.Debug|Any CPU.ActiveCfg = Debug|Any CPU
		{EBB81D36-CC3B-48CF-9060-804C7CE7A7F8}.Debug|Any CPU.Build.0 = Debug|Any CPU
		{EBB81D36-CC3B-48CF-9060-804C7CE7A7F8}.Debug|x64.ActiveCfg = Debug|Any CPU
		{EBB81D36-CC3B-48CF-9060-804C7CE7A7F8}.Debug|x64.Build.0 = Debug|Any CPU
		{EBB81D36-CC3B-48CF-9060-804C7CE7A7F8}.Debug|x86.ActiveCfg = Debug|Any CPU
		{EBB81D36-CC3B-48CF-9060-804C7CE7A7F8}.Debug|x86.Build.0 = Debug|Any CPU
		{EBB81D36-CC3B-48CF-9060-804C7CE7A7F8}.Release|Any CPU.ActiveCfg = Release|Any CPU
		{EBB81D36-CC3B-48CF-9060-804C7CE7A7F8}.Release|Any CPU.Build.0 = Release|Any CPU
		{EBB81D36-CC3B-48CF-9060-804C7CE7A7F8}.Release|x64.ActiveCfg = Release|Any CPU
		{EBB81D36-CC3B-48CF-9060-804C7CE7A7F8}.Release|x64.Build.0 = Release|Any CPU
		{EBB81D36-CC3B-48CF-9060-804C7CE7A7F8}.Release|x86.ActiveCfg = Release|Any CPU
		{EBB81D36-CC3B-48CF-9060-804C7CE7A7F8}.Release|x86.Build.0 = Release|Any CPU
	EndGlobalSection
	GlobalSection(SolutionProperties) = preSolution
		HideSolutionNode = FALSE
	EndGlobalSection
	GlobalSection(NestedProjects) = preSolution
		{6EBE41DB-AEFB-45C0-A5E1-8A4352CC4B8E} = {D891AC11-E26F-434D-AA9D-0FE6F162DCB9}
		{D0DE1114-C062-4305-8FB5-2356CE3DA753} = {D891AC11-E26F-434D-AA9D-0FE6F162DCB9}
		{CFABE26A-FBFF-4CF9-8C94-B603B317A223} = {B1BBE46E-5DC6-410A-84FC-157E31F31E92}
		{B0DE3385-5FD7-4D05-8296-6E298A3F1BA2} = {F0E5B489-0FD2-4A7E-B660-C28450479583}
		{B80E8155-B326-41BD-B1CC-689801E460AE} = {D891AC11-E26F-434D-AA9D-0FE6F162DCB9}
		{EBB81D36-CC3B-48CF-9060-804C7CE7A7F8} = {D891AC11-E26F-434D-AA9D-0FE6F162DCB9}
	EndGlobalSection
	GlobalSection(ExtensibilityGlobals) = postSolution
		SolutionGuid = {86DED607-FA3F-4D8A-B226-8AE9C9F08F84}
	EndGlobalSection
EndGlobal
